{
  "name": "hello-ngrok",
  "version": "1.0.0",
  "lockfileVersion": 3,
  "requires": true,
  "packages": {
    "": {
      "name": "hello-ngrok",
      "version": "1.0.0",
      "license": "ISC",
      "dependencies": {
        "@ngrok/ngrok": "^1.4.1"
      }
    },
    "node_modules/@ngrok/ngrok": {
      "version": "1.4.1",
      "resolved": "https://registry.npmjs.org/@ngrok/ngrok/-/ngrok-1.4.1.tgz",
      "integrity": "sha512-KZ7/T4UOY3BqJBdweJPeebKW34YzIH+a2y4o7yqTIowoi6dw3sMj140o1Q8FvpPbH5J6lr2TWVCWdgSTYvHNgw==",
      "license": "(MIT OR Apache-2.0)",
      "engines": {
        "node": ">= 10"
      },
      "optionalDependencies": {
        "@ngrok/ngrok-android-arm-eabi": "1.4.1",
        "@ngrok/ngrok-android-arm64": "1.4.1",
        "@ngrok/ngrok-darwin-arm64": "1.4.1",
        "@ngrok/ngrok-darwin-universal": "1.4.1",
        "@ngrok/ngrok-darwin-x64": "1.4.1",
        "@ngrok/ngrok-freebsd-x64": "1.4.1",
        "@ngrok/ngrok-linux-arm-gnueabihf": "1.4.1",
        "@ngrok/ngrok-linux-arm64-gnu": "1.4.1",
        "@ngrok/ngrok-linux-arm64-musl": "1.4.1",
        "@ngrok/ngrok-linux-x64-gnu": "1.4.1",
        "@ngrok/ngrok-linux-x64-musl": "1.4.1",
        "@ngrok/ngrok-win32-ia32-msvc": "1.4.1",
        "@ngrok/ngrok-win32-x64-msvc": "1.4.1"
      }
    },
    "node_modules/@ngrok/ngrok-android-arm-eabi": {
      "version": "1.4.1",
      "resolved": "https://registry.npmjs.org/@ngrok/ngrok-android-arm-eabi/-/ngrok-android-arm-eabi-1.4.1.tgz",
      "integrity": "sha512-KQe59T8PhFg5XvWypcOCIgUakk/A9ipD1UvSgGuLI7pYIiVcx6oyW12RxCJr6cfdO0K5GrbUG6dlEXSmDD4jBg==",
      "cpu": [
        "arm"
      ],
      "license": "MIT",
      "optional": true,
      "os": [
        "android"
      ],
      "engines": {
        "node": ">= 10"
      }
    },
    "node_modules/@ngrok/ngrok-android-arm64": {
      "version": "1.4.1",
      "resolved": "https://registry.npmjs.org/@ngrok/ngrok-android-arm64/-/ngrok-android-arm64-1.4.1.tgz",
      "integrity": "sha512-WPYJenabIArkGmeVhBcIVtgXmLK297pfJCYHP1Tnw220ANEXFdo7EW4dZoP0AA0gxciFHGYnQUMOn1Meo0IQFQ==",
      "cpu": [
        "arm64"
      ],
      "license": "MIT",
      "optional": true,
      "os": [
        "android"
      ],
      "engines": {
        "node": ">= 10"
      }
    },
    "node_modules/@ngrok/ngrok-darwin-arm64": {
      "version": "1.4.1",
      "resolved": "https://registry.npmjs.org/@ngrok/ngrok-darwin-arm64/-/ngrok-darwin-arm64-1.4.1.tgz",
      "integrity": "sha512-hJW+ZDJ0uV7PieZAdZHdzR/WBRctjOkLzFqHTxSuNbmBr9uIg6PGf1dB2lySszK1wyKZL7wvh4GedQ4vSU5lkw==",
      "cpu": [
        "arm64"
      ],
      "license": "MIT",
      "optional": true,
      "os": [
        "darwin"
      ],
      "engines": {
        "node": ">= 10"
      }
    },
    "node_modules/@ngrok/ngrok-darwin-universal": {
      "version": "1.4.1",
      "resolved": "https://registry.npmjs.org/@ngrok/ngrok-darwin-universal/-/ngrok-darwin-universal-1.4.1.tgz",
      "integrity": "sha512-rUZKl/vr2cALpT1Ng91h8Jf5OfDtF+zNEC65AFWthPkHJpPQCLvuEC9hyF8XI52Bv45ORRb1YKR3hdhjZ4WGHQ==",
      "license": "MIT",
      "optional": true,
      "os": [
        "darwin"
      ],
      "engines": {
        "node": ">= 10"
      }
    },
    "node_modules/@ngrok/ngrok-darwin-x64": {
      "version": "1.4.1",
      "resolved": "https://registry.npmjs.org/@ngrok/ngrok-darwin-x64/-/ngrok-darwin-x64-1.4.1.tgz",
      "integrity": "sha512-UKIkRpsGBywAqvwz8L6R8ITz+xxPoZ58LSFhZoMAWm2alGOdA2js1eHZwwVTSz96/tmmSRE/H+r69TvtuL0lXA==",
      "cpu": [
        "x64"
      ],
      "license": "MIT",
      "optional": true,
      "os": [
        "darwin"
      ],
      "engines": {
        "node": ">= 10"
      }
    },
    "node_modules/@ngrok/ngrok-freebsd-x64": {
      "version": "1.4.1",
      "resolved": "https://registry.npmjs.org/@ngrok/ngrok-freebsd-x64/-/ngrok-freebsd-x64-1.4.1.tgz",
      "integrity": "sha512-v1xXqmu3f4W1PQt+NKlqXgLcpULYCSwStKGRSdgXljg1bRdOnW3ZdjbGzrIdKwQ7OcwZP34KbP13G+hqcTxo5Q==",
      "cpu": [
        "x64"
      ],
      "license": "MIT",
      "optional": true,
      "os": [
        "freebsd"
      ],
      "engines": {
        "node": ">= 10"
      }
    },
    "node_modules/@ngrok/ngrok-linux-arm-gnueabihf": {
      "version": "1.4.1",
      "resolved": "https://registry.npmjs.org/@ngrok/ngrok-linux-arm-gnueabihf/-/ngrok-linux-arm-gnueabihf-1.4.1.tgz",
      "integrity": "sha512-yEeiVAGQNUErkSpOI1EZI+X3AkHCGd8yzqfjHamnhEONkwxLcWuTiUfcwFeMVtE9jyLfvQxctldPXXAjvaI/QA==",
      "cpu": [
        "arm"
      ],
      "license": "MIT",
      "optional": true,
      "os": [
        "linux"
      ],
      "engines": {
        "node": ">= 10"
      }
    },
    "node_modules/@ngrok/ngrok-linux-arm64-gnu": {
      "version": "1.4.1",
      "resolved": "https://registry.npmjs.org/@ngrok/ngrok-linux-arm64-gnu/-/ngrok-linux-arm64-gnu-1.4.1.tgz",
      "integrity": "sha512-Fb2uju769eO/yOrWdbMvCXNczbXHnqNmN5TCYvqQbPdscFgrsNaJcVr2SmWOfBq+OcLWYbx6mXE1ki5yOZKU9w==",
      "cpu": [
        "arm64"
      ],
      "license": "MIT",
      "optional": true,
      "os": [
        "linux"
      ],
      "engines": {
        "node": ">= 10"
      }
    },
    "node_modules/@ngrok/ngrok-linux-arm64-musl": {
      "version": "1.4.1",
      "resolved": "https://registry.npmjs.org/@ngrok/ngrok-linux-arm64-musl/-/ngrok-linux-arm64-musl-1.4.1.tgz",
      "integrity": "sha512-nMTTZkUnwCzeIVDkoUdNqBKe6ArYXRWGjC4iXinfPOdENkb/tZ/eAjVdg+8bQ5PJgl/n/TbdZKNj//Jz2x8fdw==",
      "cpu": [
        "arm64"
      ],
      "license": "MIT",
      "optional": true,
      "os": [
        "linux"
      ],
      "engines": {
        "node": ">= 10"
      }
    },
    "node_modules/@ngrok/ngrok-linux-x64-gnu": {
      "version": "1.4.1",
      "resolved": "https://registry.npmjs.org/@ngrok/ngrok-linux-x64-gnu/-/ngrok-linux-x64-gnu-1.4.1.tgz",
      "integrity": "sha512-IfDaYd9ZGk7F0szHql5Tr3rlLBlhuKbbNXDVkujGy/njA4/YnckfsZilGEtgnR7aYgHo3NqppfEw+AOmlDytCw==",
      "cpu": [
        "x64"
      ],
      "license": "MIT",
      "optional": true,
      "os": [
        "linux"
      ],
      "engines": {
        "node": ">= 10"
      }
    },
    "node_modules/@ngrok/ngrok-linux-x64-musl": {
      "version": "1.4.1",
      "resolved": "https://registry.npmjs.org/@ngrok/ngrok-linux-x64-musl/-/ngrok-linux-x64-musl-1.4.1.tgz",
      "integrity": "sha512-Ze6wb2umg6hfJhxOrFQhiyIZOf9YjSRkefnaQdAaONrIKxiFsu5SIKQbp7MQRnm8wabB9i0OI0Q/TVBsxo/HLw==",
      "cpu": [
        "x64"
      ],
      "license": "MIT",
      "optional": true,
      "os": [
        "linux"
      ],
      "engines": {
        "node": ">= 10"
      }
    },
    "node_modules/@ngrok/ngrok-win32-ia32-msvc": {
      "version": "1.4.1",
      "resolved": "https://registry.npmjs.org/@ngrok/ngrok-win32-ia32-msvc/-/ngrok-win32-ia32-msvc-1.4.1.tgz",
      "integrity": "sha512-FV3dwGpbh1h2fJ7h+Od8vFRrR9RxqBUAI+ELxQxropDxwYp6rWGKFnfE+JUcT79fEH3OpA0ElULrIDrLgK7bgg==",
      "cpu": [
        "ia32"
      ],
      "license": "MIT",
      "optional": true,
      "os": [
        "win32"
      ],
      "engines": {
        "node": ">= 10"
      }
    },
    "node_modules/@ngrok/ngrok-win32-x64-msvc": {
      "version": "1.4.1",
      "resolved": "https://registry.npmjs.org/@ngrok/ngrok-win32-x64-msvc/-/ngrok-win32-x64-msvc-1.4.1.tgz",
      "integrity": "sha512-Zr1Dyel4M3cA1kjT/N5ftTiCdoPnVv/VbyE6AKKemP9DDFkTlpdvMwSXikm/ypNtCNFEs/+q8CBZPhhaKktl8A==",
      "cpu": [
        "x64"
      ],
      "license": "MIT",
      "optional": true,
      "os": [
        "win32"
      ],
      "engines": {
        "node": ">= 10"
      }
    }
  }
}
